// !$*UTF8*$!
{
	archiveVersion = 1;
	classes = {
	};
	objectVersion = 50;
	objects = {

/* Begin PBXBuildFile section */
		AAAEB927A8405AAF495EEDBE /* Pods_Strechy_pully.framework in Frameworks */ = {isa = PBXBuildFile; fileRef = 5C9EAF4D6518D04609116167 /* Pods_Strechy_pully.framework */; };
		DAEC8F522155863A00B2A8FE /* AppDelegate.swift in Sources */ = {isa = PBXBuildFile; fileRef = DAEC8F512155863A00B2A8FE /* AppDelegate.swift */; };
		DAEC8F542155863A00B2A8FE /* ViewController.swift in Sources */ = {isa = PBXBuildFile; fileRef = DAEC8F532155863A00B2A8FE /* ViewController.swift */; };
		DAEC8F592155863C00B2A8FE /* Assets.xcassets in Resources */ = {isa = PBXBuildFile; fileRef = DAEC8F582155863C00B2A8FE /* Assets.xcassets */; };
		DAEC8F5C2155863C00B2A8FE /* LaunchScreen.storyboard in Resources */ = {isa = PBXBuildFile; fileRef = DAEC8F5A2155863C00B2A8FE /* LaunchScreen.storyboard */; };
		DAEC8F6521559BF200B2A8FE /* clouds.jpg in Resources */ = {isa = PBXBuildFile; fileRef = DAEC8F6421559BF200B2A8FE /* clouds.jpg */; };
/* End PBXBuildFile section */

/* Begin PBXFileReference section */
		358199AD33AF321FFB4464E4 /* Pods-Strechy pully.release.xcconfig */ = {isa = PBXFileReference; includeInIndex = 1; lastKnownFileType = text.xcconfig; name = "Pods-Strechy pully.release.xcconfig"; path = "Pods/Target Support Files/Pods-Strechy pully/Pods-Strechy pully.release.xcconfig"; sourceTree = "<group>"; };
		5C9EAF4D6518D04609116167 /* Pods_Strechy_pully.framework */ = {isa = PBXFileReference; explicitFileType = wrapper.framework; includeInIndex = 0; path = Pods_Strechy_pully.framework; sourceTree = BUILT_PRODUCTS_DIR; };
		628EE1288F46A55A163F1A7D /* Pods-Strechy pully.debug.xcconfig */ = {isa = PBXFileReference; includeInIndex = 1; lastKnownFileType = text.xcconfig; name = "Pods-Strechy pully.debug.xcconfig"; path = "Pods/Target Support Files/Pods-Strechy pully/Pods-Strechy pully.debug.xcconfig"; sourceTree = "<group>"; };
		DAEC8F4E2155863A00B2A8FE /* Strechy pully.app */ = {isa = PBXFileReference; explicitFileType = wrapper.application; includeInIndex = 0; path = "Strechy pully.app"; sourceTree = BUILT_PRODUCTS_DIR; };
		DAEC8F512155863A00B2A8FE /* AppDelegate.swift */ = {isa = PBXFileReference; lastKnownFileType = sourcecode.swift; path = AppDelegate.swift; sourceTree = "<group>"; };
		DAEC8F532155863A00B2A8FE /* ViewController.swift */ = {isa = PBXFileReference; lastKnownFileType = sourcecode.swift; path = ViewController.swift; sourceTree = "<group>"; };
		DAEC8F582155863C00B2A8FE /* Assets.xcassets */ = {isa = PBXFileReference; lastKnownFileType = folder.assetcatalog; path = Assets.xcassets; sourceTree = "<group>"; };
		DAEC8F5B2155863C00B2A8FE /* Base */ = {isa = PBXFileReference; lastKnownFileType = file.storyboard; name = Base; path = Base.lproj/LaunchScreen.storyboard; sourceTree = "<group>"; };
		DAEC8F5D2155863C00B2A8FE /* Info.plist */ = {isa = PBXFileReference; lastKnownFileType = text.plist.xml; path = Info.plist; sourceTree = "<group>"; };
		DAEC8F6421559BF200B2A8FE /* clouds.jpg */ = {isa = PBXFileReference; lastKnownFileType = image.jpeg; path = clouds.jpg; sourceTree = "<group>"; };
/* End PBXFileReference section */

/* Begin PBXFrameworksBuildPhase section */
		DAEC8F4B2155863A00B2A8FE /* Frameworks */ = {
			isa = PBXFrameworksBuildPhase;
			buildActionMask = 2147483647;
			files = (
				AAAEB927A8405AAF495EEDBE /* Pods_Strechy_pully.framework in Frameworks */,
			);
			runOnlyForDeploymentPostprocessing = 0;
		};
/* End PBXFrameworksBuildPhase section */

/* Begin PBXGroup section */
		5CD12A016FD11A3CA107D70C /* Frameworks */ = {
			isa = PBXGroup;
			children = (
				5C9EAF4D6518D04609116167 /* Pods_Strechy_pully.framework */,
			);
			name = Frameworks;
			sourceTree = "<group>";
		};
		C20E77AE287FEFDF8B7BB4D0 /* Pods */ = {
			isa = PBXGroup;
			children = (
				628EE1288F46A55A163F1A7D /* Pods-Strechy pully.debug.xcconfig */,
				358199AD33AF321FFB4464E4 /* Pods-Strechy pully.release.xcconfig */,
			);
			name = Pods;
			sourceTree = "<group>";
		};
		DAEC8F452155863A00B2A8FE = {
			isa = PBXGroup;
			children = (
				DAEC8F502155863A00B2A8FE /* Strechy pully */,
				DAEC8F4F2155863A00B2A8FE /* Products */,
				C20E77AE287FEFDF8B7BB4D0 /* Pods */,
				5CD12A016FD11A3CA107D70C /* Frameworks */,
			);
			sourceTree = "<group>";
		};
		DAEC8F4F2155863A00B2A8FE /* Products */ = {
			isa = PBXGroup;
			children = (
				DAEC8F4E2155863A00B2A8FE /* Strechy pully.app */,
			);
			name = Products;
			sourceTree = "<group>";
		};
		DAEC8F502155863A00B2A8FE /* Strechy pully */ = {
			isa = PBXGroup;
			children = (
				DAEC8F6321559BE600B2A8FE /* image */,
				DAEC8F512155863A00B2A8FE /* AppDelegate.swift */,
				DAEC8F532155863A00B2A8FE /* ViewController.swift */,
				DAEC8F582155863C00B2A8FE /* Assets.xcassets */,
				DAEC8F5A2155863C00B2A8FE /* LaunchScreen.storyboard */,
				DAEC8F5D2155863C00B2A8FE /* Info.plist */,
			);
			path = "Strechy pully";
			sourceTree = "<group>";
		};
		DAEC8F6321559BE600B2A8FE /* image */ = {
			isa = PBXGroup;
			children = (
				DAEC8F6421559BF200B2A8FE /* clouds.jpg */,
			);
			path = image;
			sourceTree = "<group>";
		};
/* End PBXGroup section */

/* Begin PBXNativeTarget section */
		DAEC8F4D2155863A00B2A8FE /* Strechy pully */ = {
			isa = PBXNativeTarget;
			buildConfigurationList = DAEC8F602155863C00B2A8FE /* Build configuration list for PBXNativeTarget "Strechy pully" */;
			buildPhases = (
				8E66CFB1543EDA15F105BA0D /* [CP] Check Pods Manifest.lock */,
				DAEC8F4A2155863A00B2A8FE /* Sources */,
				DAEC8F4B2155863A00B2A8FE /* Frameworks */,
				DAEC8F4C2155863A00B2A8FE /* Resources */,
				632FEAAB30873B4ED2C1001C /* [CP] Embed Pods Frameworks */,
			);
			buildRules = (
			);
			dependencies = (
			);
			name = "Strechy pully";
			productName = "Strechy pully";
			productReference = DAEC8F4E2155863A00B2A8FE /* Strechy pully.app */;
			productType = "com.apple.product-type.application";
		};
/* End PBXNativeTarget section */

/* Begin PBXProject section */
		DAEC8F462155863A00B2A8FE /* Project object */ = {
			isa = PBXProject;
			attributes = {
				LastSwiftUpdateCheck = 0940;
				LastUpgradeCheck = 0940;
				ORGANIZATIONNAME = "sz ashik";
				TargetAttributes = {
					DAEC8F4D2155863A00B2A8FE = {
						CreatedOnToolsVersion = 9.4.1;
					};
				};
			};
			buildConfigurationList = DAEC8F492155863A00B2A8FE /* Build configuration list for PBXProject "Strechy pully" */;
			compatibilityVersion = "Xcode 9.3";
			developmentRegion = en;
			hasScannedForEncodings = 0;
			knownRegions = (
				en,
				Base,
			);
			mainGroup = DAEC8F452155863A00B2A8FE;
			productRefGroup = DAEC8F4F2155863A00B2A8FE /* Products */;
			projectDirPath = "";
			projectRoot = "";
			targets = (
				DAEC8F4D2155863A00B2A8FE /* Strechy pully */,
			);
		};
/* End PBXProject section */

/* Begin PBXResourcesBuildPhase section */
		DAEC8F4C2155863A00B2A8FE /* Resources */ = {
			isa = PBXResourcesBuildPhase;
			buildActionMask = 2147483647;
			files = (
				DAEC8F6521559BF200B2A8FE /* clouds.jpg in Resources */,
				DAEC8F5C2155863C00B2A8FE /* LaunchScreen.storyboard in Resources */,
				DAEC8F592155863C00B2A8FE /* Assets.xcassets in Resources */,
			);
			runOnlyForDeploymentPostprocessing = 0;
		};
/* End PBXResourcesBuildPhase section */

/* Begin PBXShellScriptBuildPhase section */
		632FEAAB30873B4ED2C1001C /* [CP] Embed Pods Frameworks */ = {
			isa = PBXShellScriptBuildPhase;
			buildActionMask = 2147483647;
			files = (
			);
			inputPaths = (
				"${SRCROOT}/Pods/Target Support Files/Pods-Strechy pully/Pods-Strechy pully-frameworks.sh",
				"${BUILT_PRODUCTS_DIR}/SnapKit/SnapKit.framework",
			);
			name = "[CP] Embed Pods Frameworks";
			outputPaths = (
				"${TARGET_BUILD_DIR}/${FRAMEWORKS_FOLDER_PATH}/SnapKit.framework",
			);
			runOnlyForDeploymentPostprocessing = 0;
			shellPath = /bin/sh;
			shellScript = "\"${SRCROOT}/Pods/Target Support Files/Pods-Strechy pully/Pods-Strechy pully-frameworks.sh\"\n";
			showEnvVarsInLog = 0;
		};
		8E66CFB1543EDA15F105BA0D /* [CP] Check Pods Manifest.lock */ = {
			isa = PBXShellScriptBuildPhase;
			buildActionMask = 2147483647;
			files = (
			);
			inputPaths = (
				"${PODS_PODFILE_DIR_PATH}/Podfile.lock",
				"${PODS_ROOT}/Manifest.lock",
			);
			name = "[CP] Check Pods Manifest.lock";
			outputPaths = (
				"$(DERIVED_FILE_DIR)/Pods-Strechy pully-checkManifestLockResult.txt",
			);
			runOnlyForDeploymentPostprocessing = 0;
			shellPath = /bin/sh;
			shellScript = "diff \"${PODS_PODFILE_DIR_PATH}/Podfile.lock\" \"${PODS_ROOT}/Manifest.lock\" > /dev/null\nif [ $? != 0 ] ; then\n    # print error to STDERR\n    echo \"error: The sandbox is not in sync with the Podfile.lock. Run 'pod install' or update your CocoaPods installation.\" >&2\n    exit 1\nfi\n# This output is used by Xcode 'outputs' to avoid re-running this script phase.\necho \"SUCCESS\" > \"${SCRIPT_OUTPUT_FILE_0}\"\n";
			showEnvVarsInLog = 0;
		};
/* End PBXShellScriptBuildPhase section */

/* Begin PBXSourcesBuildPhase section */
		DAEC8F4A2155863A00B2A8FE /* Sources */ = {
			isa = PBXSourcesBuildPhase;
			buildActionMask = 2147483647;
			files = (
				DAEC8F542155863A00B2A8FE /* ViewController.swift in Sources */,
				DAEC8F522155863A00B2A8FE /* AppDelegate.swift in Sources */,
			);
			runOnlyForDeploymentPostprocessing = 0;
		};
/* End PBXSourcesBuildPhase section */

/* Begin PBXVariantGroup section */
		DAEC8F5A2155863C00B2A8FE /* LaunchScreen.storyboard */ = {
			isa = PBXVariantGroup;
			children = (
				DAEC8F5B2155863C00B2A8FE /* Base */,
			);
			name = LaunchScreen.storyboard;
			sourceTree = "<group>";
		};
/* End PBXVariantGroup section */

/* Begin XCBuildConfiguration section */
		DAEC8F5E2155863C00B2A8FE /* Debug */ = {
			isa = XCBuildConfiguration;
			buildSettings = {
				ALWAYS_SEARCH_USER_PATHS = NO;
				CLANG_ANALYZER_NONNULL = YES;
				CLANG_ANALYZER_NUMBER_OBJECT_CONVERSION = YES_AGGRESSIVE;
				CLANG_CXX_LANGUAGE_STANDARD = "gnu++14";
				CLANG_CXX_LIBRARY = "libc++";
				CLANG_ENABLE_MODULES = YES;
				CLANG_ENABLE_OBJC_ARC = YES;
				CLANG_ENABLE_OBJC_WEAK = YES;
				CLANG_WARN_BLOCK_CAPTURE_AUTORELEASING = YES;
				CLANG_WARN_BOOL_CONVERSION = YES;
				CLANG_WARN_COMMA = YES;
				CLANG_WARN_CONSTANT_CONVERSION = YES;
				CLANG_WARN_DEPRECATED_OBJC_IMPLEMENTATIONS = YES;
				CLANG_WARN_DIRECT_OBJC_ISA_USAGE = YES_ERROR;
				CLANG_WARN_DOCUMENTATION_COMMENTS = YES;
				CLANG_WARN_EMPTY_BODY = YES;
				CLANG_WARN_ENUM_CONVERSION = YES;
				CLANG_WARN_INFINITE_RECURSION = YES;
				CLANG_WARN_INT_CONVERSION = YES;
				CLANG_WARN_NON_LITERAL_NULL_CONVERSION = YES;
				CLANG_WARN_OBJC_IMPLICIT_RETAIN_SELF = YES;
				CLANG_WARN_OBJC_LITERAL_CONVERSION = YES;
				CLANG_WARN_OBJC_ROOT_CLASS = YES_ERROR;
				CLANG_WARN_RANGE_LOOP_ANALYSIS = YES;
				CLANG_WARN_STRICT_PROTOTYPES = YES;
				CLANG_WARN_SUSPICIOUS_MOVE = YES;
				CLANG_WARN_UNGUARDED_AVAILABILITY = YES_AGGRESSIVE;
				CLANG_WARN_UNREACHABLE_CODE = YES;
				CLANG_WARN__DUPLICATE_METHOD_MATCH = YES;
				CODE_SIGN_IDENTITY = "iPhone Developer";
				COPY_PHASE_STRIP = NO;
				DEBUG_INFORMATION_FORMAT = dwarf;
				ENABLE_STRICT_OBJC_MSGSEND = YES;
				ENABLE_TESTABILITY = YES;
				GCC_C_LANGUAGE_STANDARD = gnu11;
				GCC_DYNAMIC_NO_PIC = NO;
				GCC_NO_COMMON_BLOCKS = YES;
				GCC_OPTIMIZATION_LEVEL = 0;
				GCC_PREPROCESSOR_DEFINITIONS = (
					"DEBUG=1",
					"$(inherited)",
				);
				GCC_WARN_64_TO_32_BIT_CONVERSION = YES;
				GCC_WARN_ABOUT_RETURN_TYPE = YES_ERROR;
				GCC_WARN_UNDECLARED_SELECTOR = YES;
				GCC_WARN_UNINITIALIZED_AUTOS = YES_AGGRESSIVE;
				GCC_WARN_UNUSED_FUNCTION = YES;
				GCC_WARN_UNUSED_VARIABLE = YES;
				IPHONEOS_DEPLOYMENT_TARGET = 11.4;
				MTL_ENABLE_DEBUG_INFO = YES;
				ONLY_ACTIVE_ARCH = YES;
				SDKROOT = iphoneos;
				SWIFT_ACTIVE_COMPILATION_CONDITIONS = DEBUG;
				SWIFT_OPTIMIZATION_LEVEL = "-Onone";
			};
			name = Debug;
		};
		DAEC8F5F2155863C00B2A8FE /* Release */ = {
			isa = XCBuildConfiguration;
			buildSettings = {
				ALWAYS_SEARCH_USER_PATHS = NO;
				CLANG_ANALYZER_NONNULL = YES;
				CLANG_ANALYZER_NUMBER_OBJECT_CONVERSION = YES_AGGRESSIVE;
				CLANG_CXX_LANGUAGE_STANDARD = "gnu++14";
				CLANG_CXX_LIBRARY = "libc++";
				CLANG_ENABLE_MODULES = YES;
				CLANG_ENABLE_OBJC_ARC = YES;
				CLANG_ENABLE_OBJC_WEAK = YES;
				CLANG_WARN_BLOCK_CAPTURE_AUTORELEASING = YES;
				CLANG_WARN_BOOL_CONVERSION = YES;
				CLANG_WARN_COMMA = YES;
				CLANG_WARN_CONSTANT_CONVERSION = YES;
				CLANG_WARN_DEPRECATED_OBJC_IMPLEMENTATIONS = YES;
				CLANG_WARN_DIRECT_OBJC_ISA_USAGE = YES_ERROR;
				CLANG_WARN_DOCUMENTATION_COMMENTS = YES;
				CLANG_WARN_EMPTY_BODY = YES;
				CLANG_WARN_ENUM_CONVERSION = YES;
				CLANG_WARN_INFINITE_RECURSION = YES;
				CLANG_WARN_INT_CONVERSION = YES;
				CLANG_WARN_NON_LITERAL_NULL_CONVERSION = YES;
				CLANG_WARN_OBJC_IMPLICIT_RETAIN_SELF = YES;
				CLANG_WARN_OBJC_LITERAL_CONVERSION = YES;
				CLANG_WARN_OBJC_ROOT_CLASS = YES_ERROR;
				CLANG_WARN_RANGE_LOOP_ANALYSIS = YES;
				CLANG_WARN_STRICT_PROTOTYPES = YES;
				CLANG_WARN_SUSPICIOUS_MOVE = YES;
				CLANG_WARN_UNGUARDED_AVAILABILITY = YES_AGGRESSIVE;
				CLANG_WARN_UNREACHABLE_CODE = YES;
				CLANG_WARN__DUPLICATE_METHOD_MATCH = YES;
				CODE_SIGN_IDENTITY = "iPhone Developer";
				COPY_PHASE_STRIP = NO;
				DEBUG_INFORMATION_FORMAT = "dwarf-with-dsym";
				ENABLE_NS_ASSERTIONS = NO;
				ENABLE_STRICT_OBJC_MSGSEND = YES;
				GCC_C_LANGUAGE_STANDARD = gnu11;
				GCC_NO_COMMON_BLOCKS = YES;
				GCC_WARN_64_TO_32_BIT_CONVERSION = YES;
				GCC_WARN_ABOUT_RETURN_TYPE = YES_ERROR;
				GCC_WARN_UNDECLARED_SELECTOR = YES;
				GCC_WARN_UNINITIALIZED_AUTOS = YES_AGGRESSIVE;
				GCC_WARN_UNUSED_FUNCTION = YES;
				GCC_WARN_UNUSED_VARIABLE = YES;
				IPHONEOS_DEPLOYMENT_TARGET = 11.4;
				MTL_ENABLE_DEBUG_INFO = NO;
				SDKROOT = iphoneos;
				SWIFT_COMPILATION_MODE = wholemodule;
				SWIFT_OPTIMIZATION_LEVEL = "-O";
				VALIDATE_PRODUCT = YES;
			};
			name = Release;
		};
		DAEC8F612155863C00B2A8FE /* Debug */ = {
			isa = XCBuildConfiguration;
			baseConfigurationReference = 628EE1288F46A55A163F1A7D /* Pods-Strechy pully.debug.xcconfig */;
			buildSettings = {
				ASSETCATALOG_COMPILER_APPICON_NAME = AppIcon;
				CODE_SIGN_STYLE = Automatic;
				INFOPLIST_FILE = "Strechy pully/Info.plist";
				LD_RUNPATH_SEARCH_PATHS = (
					"$(inherited)",
					"@executable_path/Frameworks",
				);
				PRODUCT_BUNDLE_IDENTIFIER = "com.sz.Strechy-pully";
				PRODUCT_NAME = "$(TARGET_NAME)";
				SWIFT_VERSION = 4.0;
				TARGETED_DEVICE_FAMILY = "1,2";
			};
			name = Debug;
		};
		DAEC8F622155863C00B2A8FE /* Release */ = {
			isa = XCBuildConfiguration;
			baseConfigurationReference = 358199AD33AF321FFB4464E4 /* Pods-Strechy pully.release.xcconfig */;
			buildSettings = {
				ASSETCATALOG_COMPILER_APPICON_NAME = AppIcon;
				CODE_SIGN_STYLE = Automatic;
				INFOPLIST_FILE = "Strechy pully/Info.plist";
				LD_RUNPATH_SEARCH_PATHS = (
					"$(inherited)",
					"@executable_path/Frameworks",
				);
				PRODUCT_BUNDLE_IDENTIFIER = "com.sz.Strechy-pully";
				PRODUCT_NAME = "$(TARGET_NAME)";
				SWIFT_VERSION = 4.0;
				TARGETED_DEVICE_FAMILY = "1,2";
			};
			name = Release;
		};
/* End XCBuildConfiguration section */

/* Begin XCConfigurationList section */
		DAEC8F492155863A00B2A8FE /* Build configuration list for PBXProject "Strechy pully" */ = {
			isa = XCConfigurationList;
			buildConfigurations = (
				DAEC8F5E2155863C00B2A8FE /* Debug */,
				DAEC8F5F2155863C00B2A8FE /* Release */,
			);
			defaultConfigurationIsVisible = 0;
			defaultConfigurationName = Release;
		};
		DAEC8F602155863C00B2A8FE /* Build configuration list for PBXNativeTarget "Strechy pully" */ = {
			isa = XCConfigurationList;
			buildConfigurations = (
				DAEC8F612155863C00B2A8FE /* Debug */,
				DAEC8F622155863C00B2A8FE /* Release */,
			);
			defaultConfigurationIsVisible = 0;
			defaultConfigurationName = Release;
		};
/* End XCConfigurationList section */
	};
	rootObject = DAEC8F462155863A00B2A8FE /* Project object */;
}
